<?xml version="1.0" encoding="utf-8"?>
<Project ToolsVersion="4.0" xmlns="http://schemas.microsoft.com/developer/msbuild/2003">
  <ItemGroup>
    <Filter Include="Source Files">
      <UniqueIdentifier>{4FC737F1-C7A5-4376-A066-2A32D752A2FF}</UniqueIdentifier>
      <Extensions>cpp;cxx;c;def</Extensions>
    </Filter>
    <Filter Include="Header Files">
      <UniqueIdentifier>{93995380-89BD-4b04-88EB-625FBE52EBFB}</UniqueIdentifier>
      <Extensions>h</Extensions>
    </Filter>
    <Filter Include="Resource Files">
      <UniqueIdentifier>{D9D6E242-F8AF-46E4-B9FD-80ECBC20BA3E}</UniqueIdentifier>
      <Extensions>qrc;*</Extensions>
      <ParseFiles>false</ParseFiles>
    </Filter>
    <Filter Include="Generated Files">
      <UniqueIdentifier>{71ED8ED8-ACB9-4CE9-BBE1-E00B30144E11}</UniqueIdentifier>
      <Extensions>moc;h;cpp</Extensions>
      <SourceControlFiles>False</SourceControlFiles>
    </Filter>
    <Filter Include="Generated Files\Debug">
      <UniqueIdentifier>{be31931e-380d-4a49-8482-44022ee0bc10}</UniqueIdentifier>
      <Extensions>cpp;moc</Extensions>
      <SourceControlFiles>False</SourceControlFiles>
    </Filter>
    <Filter Include="Generated Files\Release">
      <UniqueIdentifier>{6a813d72-5a53-4588-b71d-db31157373b1}</UniqueIdentifier>
      <Extensions>cpp;moc</Extensions>
      <SourceControlFiles>False</SourceControlFiles>
    </Filter>
    <Filter Include="DataBase">
      <UniqueIdentifier>{e0b43198-e521-482d-b02e-bab1c20c9f00}</UniqueIdentifier>
    </Filter>
    <Filter Include="comm">
      <UniqueIdentifier>{c9229d8d-536d-49b0-b279-ef8cd2870e5d}</UniqueIdentifier>
    </Filter>
    <Filter Include="Client">
      <UniqueIdentifier>{8a23ebc4-50e2-4b66-97fc-7fc5fc273fc9}</UniqueIdentifier>
    </Filter>
  </ItemGroup>
  <ItemGroup>
    <ClCompile Include="main.cpp">
      <Filter>Source Files</Filter>
    </ClCompile>
    <ClCompile Include="..\comm\ConnectionPool.cpp">
      <Filter>comm</Filter>
    </ClCompile>
    <ClCompile Include="..\comm\precompile.cpp">
      <Filter>comm</Filter>
    </ClCompile>
    <ClCompile Include="loginserver.cpp">
      <Filter>Source Files</Filter>
    </ClCompile>
    <ClCompile Include="GeneratedFiles\Debug\moc_loginserver.cpp">
      <Filter>Generated Files\Debug</Filter>
    </ClCompile>
    <ClCompile Include="GeneratedFiles\Release\moc_loginserver.cpp">
      <Filter>Generated Files\Release</Filter>
    </ClCompile>
    <ClCompile Include="mytcpserver.cpp">
      <Filter>Source Files</Filter>
    </ClCompile>
    <ClCompile Include="GeneratedFiles\Debug\moc_mytcpserver.cpp">
      <Filter>Generated Files\Debug</Filter>
    </ClCompile>
    <ClCompile Include="GeneratedFiles\Release\moc_mytcpserver.cpp">
      <Filter>Generated Files\Release</Filter>
    </ClCompile>
    <ClCompile Include="GeneratedFiles\Debug\moc_clientthread.cpp">
      <Filter>Generated Files\Debug</Filter>
    </ClCompile>
    <ClCompile Include="GeneratedFiles\Release\moc_clientthread.cpp">
      <Filter>Generated Files\Release</Filter>
    </ClCompile>
    <ClCompile Include="GeneratedFiles\Debug\moc_clientsocket.cpp">
      <Filter>Generated Files\Debug</Filter>
    </ClCompile>
    <ClCompile Include="GeneratedFiles\Release\moc_clientsocket.cpp">
      <Filter>Generated Files\Release</Filter>
    </ClCompile>
    <ClCompile Include="GeneratedFiles\Debug\moc_clientmanager.cpp">
      <Filter>Generated Files\Debug</Filter>
    </ClCompile>
    <ClCompile Include="GeneratedFiles\Release\moc_clientmanager.cpp">
      <Filter>Generated Files\Release</Filter>
    </ClCompile>
    <ClCompile Include="clientmanager.cpp">
      <Filter>Client</Filter>
    </ClCompile>
    <ClCompile Include="clientsocket.cpp">
      <Filter>Client</Filter>
    </ClCompile>
    <ClCompile Include="clientthread.cpp">
      <Filter>Client</Filter>
    </ClCompile>
    <ClCompile Include="..\comm\quotoLog.cpp">
      <Filter>comm</Filter>
    </ClCompile>
  </ItemGroup>
  <ItemGroup>
    <ClInclude Include="..\comm\ConnectionPool.h">
      <Filter>comm</Filter>
    </ClInclude>
    <ClInclude Include="..\comm\precompile.h">
      <Filter>comm</Filter>
    </ClInclude>
    <ClInclude Include="..\comm\quotoLog.h">
      <Filter>comm</Filter>
    </ClInclude>
  </ItemGroup>
  <ItemGroup>
    <CustomBuild Include="loginserver.h">
      <Filter>Header Files</Filter>
    </CustomBuild>
    <CustomBuild Include="mytcpserver.h">
      <Filter>Header Files</Filter>
    </CustomBuild>
    <CustomBuild Include="clientmanager.h">
      <Filter>Client</Filter>
    </CustomBuild>
    <CustomBuild Include="clientsocket.h">
      <Filter>Client</Filter>
    </CustomBuild>
    <CustomBuild Include="clientthread.h">
      <Filter>Client</Filter>
    </CustomBuild>
  </ItemGroup>
</Project>